
Microsoft Visual Studio Solution File, Format Version 12.00
# Visual Studio Version 16
VisualStudioVersion = 16.0.30413.136
MinimumVisualStudioVersion = 10.0.40219.1
Project("{888888A0-9F3D-457C-B088-3A5042F75D52}") = "prof", "prof.pyproj", "{10EFA642-BE43-45BD-B5E5-0F9D705375CF}"
EndProject
Global
	GlobalSection(SolutionConfigurationPlatforms) = preSolution
		Debug|Any CPU = Debug|Any CPU
		Release|Any CPU = Release|Any CPU
	EndGlobalSection
	GlobalSection(ProjectConfigurationPlatforms) = postSolution
		{10EFA642-BE43-45BD-B5E5-0F9D705375CF}.Debug|Any CPU.ActiveCfg = Debug|Any CPU
		{10EFA642-BE43-45BD-B5E5-0F9D705375CF}.Release|Any CPU.ActiveCfg = Release|Any CPU
	EndGlobalSection
	GlobalSection(SolutionProperties) = preSolution
		HideSolutionNode = FALSE
	EndGlobalSection
	GlobalSection(ExtensibilityGlobals) = postSolution
		SolutionGuid = {FAA479FC-C258-47EC-879B-3827DCF1E10C}
	EndGlobalSection
EndGlobal
